
Microsoft Visual Studio Solution File, Format Version 12.00
# Visual Studio 15
VisualStudioVersion = 15.0.27428.2005
MinimumVisualStudioVersion = 10.0.40219.1
Project("{FAE04EC0-301F-11D3-BF4B-00C04F79EFBC}") = "QuorraWeb", "QuorraWeb\QuorraWeb.csproj", "{D9226A2C-6BD2-4E6A-A7DB-FF5F8A9D1324}"
EndProject
Global
	GlobalSection(SolutionConfigurationPlatforms) = preSolution
		Debug|Any CPU = Debug|Any CPU
		Release|Any CPU = Release|Any CPU
	EndGlobalSection
	GlobalSection(ProjectConfigurationPlatforms) = postSolution
		{D9226A2C-6BD2-4E6A-A7DB-FF5F8A9D1324}.Debug|Any CPU.ActiveCfg = Debug|Any CPU
		{D9226A2C-6BD2-4E6A-A7DB-FF5F8A9D1324}.Debug|Any CPU.Build.0 = Debug|Any CPU
		{D9226A2C-6BD2-4E6A-A7DB-FF5F8A9D1324}.Release|Any CPU.ActiveCfg = Release|Any CPU
		{D9226A2C-6BD2-4E6A-A7DB-FF5F8A9D1324}.Release|Any CPU.Build.0 = Release|Any CPU
	EndGlobalSection
	GlobalSection(SolutionProperties) = preSolution
		HideSolutionNode = FALSE
	EndGlobalSection
	GlobalSection(ExtensibilityGlobals) = postSolution
		SolutionGuid = {A0F8245E-324A-4B9F-976D-49247AF1DCDD}
	EndGlobalSection
EndGlobal
